// !$*UTF8*$!
{
	archiveVersion = 1;
	classes = {
	};
	objectVersion = 46;
	objects = {

/* Begin PBXBuildFile section */
		A266BAC91B7A0C8C00345A72 /* main.m in Sources */ = {isa = PBXBuildFile; fileRef = A266BAC81B7A0C8C00345A72 /* main.m */; };
		A266BACC1B7A0C8C00345A72 /* AppDelegate.m in Sources */ = {isa = PBXBuildFile; fileRef = A266BACB1B7A0C8C00345A72 /* AppDelegate.m */; };
		A266BAD41B7A0C8C00345A72 /* Images.xcassets in Resources */ = {isa = PBXBuildFile; fileRef = A266BAD31B7A0C8C00345A72 /* Images.xcassets */; };
		A266BAD71B7A0C8C00345A72 /* LaunchScreen.xib in Resources */ = {isa = PBXBuildFile; fileRef = A266BAD51B7A0C8C00345A72 /* LaunchScreen.xib */; };
		A266BAE31B7A0C8C00345A72 /* CellFoldDemoTests.m in Sources */ = {isa = PBXBuildFile; fileRef = A266BAE21B7A0C8C00345A72 /* CellFoldDemoTests.m */; };
		A266BAEF1B7A0CD900345A72 /* CellFoldViewController.m in Sources */ = {isa = PBXBuildFile; fileRef = A266BAED1B7A0CD900345A72 /* CellFoldViewController.m */; };
		A266BAF01B7A0CD900345A72 /* CellFoldViewController.xib in Resources */ = {isa = PBXBuildFile; fileRef = A266BAEE1B7A0CD900345A72 /* CellFoldViewController.xib */; };
		A266BAF41B7A0D2800345A72 /* CellFoldCell.m in Sources */ = {isa = PBXBuildFile; fileRef = A266BAF21B7A0D2800345A72 /* CellFoldCell.m */; };
		A266BAF51B7A0D2800345A72 /* CellFoldCell.xib in Resources */ = {isa = PBXBuildFile; fileRef = A266BAF31B7A0D2800345A72 /* CellFoldCell.xib */; };
		A266BAF91B7A0D9200345A72 /* CellDownFoldCell.m in Sources */ = {isa = PBXBuildFile; fileRef = A266BAF71B7A0D9200345A72 /* CellDownFoldCell.m */; };
		A266BAFA1B7A0D9200345A72 /* CellDownFoldCell.xib in Resources */ = {isa = PBXBuildFile; fileRef = A266BAF81B7A0D9200345A72 /* CellDownFoldCell.xib */; };
		A266BAFF1B7A116C00345A72 /* QuickLinks.plist in Resources */ = {isa = PBXBuildFile; fileRef = A266BAFE1B7A116C00345A72 /* QuickLinks.plist */; };
		A266BB021B7A130F00345A72 /* PlistUtil.m in Sources */ = {isa = PBXBuildFile; fileRef = A266BB011B7A130F00345A72 /* PlistUtil.m */; };
		A266BB051B7A163000345A72 /* ic_home_dropDown_down@2x.png in Resources */ = {isa = PBXBuildFile; fileRef = A266BB031B7A163000345A72 /* ic_home_dropDown_down@2x.png */; };
		A266BB061B7A163000345A72 /* ic_home_dropDown_down@3x.png in Resources */ = {isa = PBXBuildFile; fileRef = A266BB041B7A163000345A72 /* ic_home_dropDown_down@3x.png */; };
		A266BB091B7A1C4000345A72 /* ic_home_dropDown_up@2x.png in Resources */ = {isa = PBXBuildFile; fileRef = A266BB071B7A1C4000345A72 /* ic_home_dropDown_up@2x.png */; };
		A266BB0A1B7A1C4000345A72 /* ic_home_dropDown_up@3x.png in Resources */ = {isa = PBXBuildFile; fileRef = A266BB081B7A1C4000345A72 /* ic_home_dropDown_up@3x.png */; };
		A266BB0F1B7A202700345A72 /* ic_file_type_apk_big@2x.png in Resources */ = {isa = PBXBuildFile; fileRef = A266BB0B1B7A202700345A72 /* ic_file_type_apk_big@2x.png */; };
		A266BB101B7A202700345A72 /* ic_file_type_apk_big@3x.png in Resources */ = {isa = PBXBuildFile; fileRef = A266BB0C1B7A202700345A72 /* ic_file_type_apk_big@3x.png */; };
		A266BB111B7A202700345A72 /* ic_file_type_unknown_big@2x.png in Resources */ = {isa = PBXBuildFile; fileRef = A266BB0D1B7A202700345A72 /* ic_file_type_unknown_big@2x.png */; };
		A266BB121B7A202700345A72 /* ic_file_type_unknown_big@3x.png in Resources */ = {isa = PBXBuildFile; fileRef = A266BB0E1B7A202700345A72 /* ic_file_type_unknown_big@3x.png */; };
		A2DACE171B8B2F8C001381CC /* Untitled.gif in Resources */ = {isa = PBXBuildFile; fileRef = A2DACE161B8B2F8C001381CC /* Untitled.gif */; };
/* End PBXBuildFile section */

/* Begin PBXContainerItemProxy section */
		A266BADD1B7A0C8C00345A72 /* PBXContainerItemProxy */ = {
			isa = PBXContainerItemProxy;
			containerPortal = A266BABB1B7A0C8C00345A72 /* Project object */;
			proxyType = 1;
			remoteGlobalIDString = A266BAC21B7A0C8C00345A72;
			remoteInfo = CellFoldDemo;
		};
/* End PBXContainerItemProxy section */

/* Begin PBXFileReference section */
		A266BAC31B7A0C8C00345A72 /* CellFoldDemo.app */ = {isa = PBXFileReference; explicitFileType = wrapper.application; includeInIndex = 0; path = CellFoldDemo.app; sourceTree = BUILT_PRODUCTS_DIR; };
		A266BAC71B7A0C8C00345A72 /* Info.plist */ = {isa = PBXFileReference; lastKnownFileType = text.plist.xml; path = Info.plist; sourceTree = "<group>"; };
		A266BAC81B7A0C8C00345A72 /* main.m */ = {isa = PBXFileReference; lastKnownFileType = sourcecode.c.objc; path = main.m; sourceTree = "<group>"; };
		A266BACA1B7A0C8C00345A72 /* AppDelegate.h */ = {isa = PBXFileReference; lastKnownFileType = sourcecode.c.h; path = AppDelegate.h; sourceTree = "<group>"; };
		A266BACB1B7A0C8C00345A72 /* AppDelegate.m */ = {isa = PBXFileReference; lastKnownFileType = sourcecode.c.objc; path = AppDelegate.m; sourceTree = "<group>"; };
		A266BAD31B7A0C8C00345A72 /* Images.xcassets */ = {isa = PBXFileReference; lastKnownFileType = folder.assetcatalog; path = Images.xcassets; sourceTree = "<group>"; };
		A266BAD61B7A0C8C00345A72 /* Base */ = {isa = PBXFileReference; lastKnownFileType = file.xib; name = Base; path = Base.lproj/LaunchScreen.xib; sourceTree = "<group>"; };
		A266BADC1B7A0C8C00345A72 /* CellFoldDemoTests.xctest */ = {isa = PBXFileReference; explicitFileType = wrapper.cfbundle; includeInIndex = 0; path = CellFoldDemoTests.xctest; sourceTree = BUILT_PRODUCTS_DIR; };
		A266BAE11B7A0C8C00345A72 /* Info.plist */ = {isa = PBXFileReference; lastKnownFileType = text.plist.xml; path = Info.plist; sourceTree = "<group>"; };
		A266BAE21B7A0C8C00345A72 /* CellFoldDemoTests.m */ = {isa = PBXFileReference; lastKnownFileType = sourcecode.c.objc; path = CellFoldDemoTests.m; sourceTree = "<group>"; };
		A266BAEC1B7A0CD900345A72 /* CellFoldViewController.h */ = {isa = PBXFileReference; fileEncoding = 4; lastKnownFileType = sourcecode.c.h; path = CellFoldViewController.h; sourceTree = "<group>"; };
		A266BAED1B7A0CD900345A72 /* CellFoldViewController.m */ = {isa = PBXFileReference; fileEncoding = 4; lastKnownFileType = sourcecode.c.objc; path = CellFoldViewController.m; sourceTree = "<group>"; };
		A266BAEE1B7A0CD900345A72 /* CellFoldViewController.xib */ = {isa = PBXFileReference; fileEncoding = 4; lastKnownFileType = file.xib; path = CellFoldViewController.xib; sourceTree = "<group>"; };
		A266BAF11B7A0D2800345A72 /* CellFoldCell.h */ = {isa = PBXFileReference; fileEncoding = 4; lastKnownFileType = sourcecode.c.h; path = CellFoldCell.h; sourceTree = "<group>"; };
		A266BAF21B7A0D2800345A72 /* CellFoldCell.m */ = {isa = PBXFileReference; fileEncoding = 4; lastKnownFileType = sourcecode.c.objc; path = CellFoldCell.m; sourceTree = "<group>"; };
		A266BAF31B7A0D2800345A72 /* CellFoldCell.xib */ = {isa = PBXFileReference; fileEncoding = 4; lastKnownFileType = file.xib; path = CellFoldCell.xib; sourceTree = "<group>"; };
		A266BAF61B7A0D9200345A72 /* CellDownFoldCell.h */ = {isa = PBXFileReference; fileEncoding = 4; lastKnownFileType = sourcecode.c.h; path = CellDownFoldCell.h; sourceTree = "<group>"; };
		A266BAF71B7A0D9200345A72 /* CellDownFoldCell.m */ = {isa = PBXFileReference; fileEncoding = 4; lastKnownFileType = sourcecode.c.objc; path = CellDownFoldCell.m; sourceTree = "<group>"; };
		A266BAF81B7A0D9200345A72 /* CellDownFoldCell.xib */ = {isa = PBXFileReference; fileEncoding = 4; lastKnownFileType = file.xib; path = CellDownFoldCell.xib; sourceTree = "<group>"; };
		A266BAFE1B7A116C00345A72 /* QuickLinks.plist */ = {isa = PBXFileReference; fileEncoding = 4; lastKnownFileType = text.plist.xml; path = QuickLinks.plist; sourceTree = "<group>"; };
		A266BB001B7A130F00345A72 /* PlistUtil.h */ = {isa = PBXFileReference; fileEncoding = 4; lastKnownFileType = sourcecode.c.h; path = PlistUtil.h; sourceTree = "<group>"; };
		A266BB011B7A130F00345A72 /* PlistUtil.m */ = {isa = PBXFileReference; fileEncoding = 4; lastKnownFileType = sourcecode.c.objc; path = PlistUtil.m; sourceTree = "<group>"; };
		A266BB031B7A163000345A72 /* ic_home_dropDown_down@2x.png */ = {isa = PBXFileReference; lastKnownFileType = image.png; path = "ic_home_dropDown_down@2x.png"; sourceTree = "<group>"; };
		A266BB041B7A163000345A72 /* ic_home_dropDown_down@3x.png */ = {isa = PBXFileReference; lastKnownFileType = image.png; path = "ic_home_dropDown_down@3x.png"; sourceTree = "<group>"; };
		A266BB071B7A1C4000345A72 /* ic_home_dropDown_up@2x.png */ = {isa = PBXFileReference; lastKnownFileType = image.png; path = "ic_home_dropDown_up@2x.png"; sourceTree = "<group>"; };
		A266BB081B7A1C4000345A72 /* ic_home_dropDown_up@3x.png */ = {isa = PBXFileReference; lastKnownFileType = image.png; path = "ic_home_dropDown_up@3x.png"; sourceTree = "<group>"; };
		A266BB0B1B7A202700345A72 /* ic_file_type_apk_big@2x.png */ = {isa = PBXFileReference; lastKnownFileType = image.png; path = "ic_file_type_apk_big@2x.png"; sourceTree = "<group>"; };
		A266BB0C1B7A202700345A72 /* ic_file_type_apk_big@3x.png */ = {isa = PBXFileReference; lastKnownFileType = image.png; path = "ic_file_type_apk_big@3x.png"; sourceTree = "<group>"; };
		A266BB0D1B7A202700345A72 /* ic_file_type_unknown_big@2x.png */ = {isa = PBXFileReference; lastKnownFileType = image.png; path = "ic_file_type_unknown_big@2x.png"; sourceTree = "<group>"; };
		A266BB0E1B7A202700345A72 /* ic_file_type_unknown_big@3x.png */ = {isa = PBXFileReference; lastKnownFileType = image.png; path = "ic_file_type_unknown_big@3x.png"; sourceTree = "<group>"; };
		A2DACE161B8B2F8C001381CC /* Untitled.gif */ = {isa = PBXFileReference; lastKnownFileType = image.gif; path = Untitled.gif; sourceTree = "<group>"; };
/* End PBXFileReference section */

/* Begin PBXFrameworksBuildPhase section */
		A266BAC01B7A0C8C00345A72 /* Frameworks */ = {
			isa = PBXFrameworksBuildPhase;
			buildActionMask = 2147483647;
			files = (
			);
			runOnlyForDeploymentPostprocessing = 0;
		};
		A266BAD91B7A0C8C00345A72 /* Frameworks */ = {
			isa = PBXFrameworksBuildPhase;
			buildActionMask = 2147483647;
			files = (
			);
			runOnlyForDeploymentPostprocessing = 0;
		};
/* End PBXFrameworksBuildPhase section */

/* Begin PBXGroup section */
		A266BABA1B7A0C8C00345A72 = {
			isa = PBXGroup;
			children = (
				A2DACE151B8B2F8C001381CC /* ScreenShot */,
				A266BAC51B7A0C8C00345A72 /* CellFoldDemo */,
				A266BADF1B7A0C8C00345A72 /* CellFoldDemoTests */,
				A266BAC41B7A0C8C00345A72 /* Products */,
			);
			sourceTree = "<group>";
		};
		A266BAC41B7A0C8C00345A72 /* Products */ = {
			isa = PBXGroup;
			children = (
				A266BAC31B7A0C8C00345A72 /* CellFoldDemo.app */,
				A266BADC1B7A0C8C00345A72 /* CellFoldDemoTests.xctest */,
			);
			name = Products;
			sourceTree = "<group>";
		};
		A266BAC51B7A0C8C00345A72 /* CellFoldDemo */ = {
			isa = PBXGroup;
			children = (
				A266BAFC1B7A0DAC00345A72 /* Src */,
				A266BAC61B7A0C8C00345A72 /* Supporting Files */,
			);
			path = CellFoldDemo;
			sourceTree = "<group>";
		};
		A266BAC61B7A0C8C00345A72 /* Supporting Files */ = {
			isa = PBXGroup;
			children = (
				A266BB0B1B7A202700345A72 /* ic_file_type_apk_big@2x.png */,
				A266BB0C1B7A202700345A72 /* ic_file_type_apk_big@3x.png */,
				A266BB0D1B7A202700345A72 /* ic_file_type_unknown_big@2x.png */,
				A266BB0E1B7A202700345A72 /* ic_file_type_unknown_big@3x.png */,
				A266BB071B7A1C4000345A72 /* ic_home_dropDown_up@2x.png */,
				A266BB081B7A1C4000345A72 /* ic_home_dropDown_up@3x.png */,
				A266BB031B7A163000345A72 /* ic_home_dropDown_down@2x.png */,
				A266BB041B7A163000345A72 /* ic_home_dropDown_down@3x.png */,
				A266BAFE1B7A116C00345A72 /* QuickLinks.plist */,
				A266BAD31B7A0C8C00345A72 /* Images.xcassets */,
				A266BAD51B7A0C8C00345A72 /* LaunchScreen.xib */,
				A266BAC71B7A0C8C00345A72 /* Info.plist */,
				A266BAC81B7A0C8C00345A72 /* main.m */,
			);
			name = "Supporting Files";
			sourceTree = "<group>";
		};
		A266BADF1B7A0C8C00345A72 /* CellFoldDemoTests */ = {
			isa = PBXGroup;
			children = (
				A266BAE21B7A0C8C00345A72 /* CellFoldDemoTests.m */,
				A266BAE01B7A0C8C00345A72 /* Supporting Files */,
			);
			path = CellFoldDemoTests;
			sourceTree = "<group>";
		};
		A266BAE01B7A0C8C00345A72 /* Supporting Files */ = {
			isa = PBXGroup;
			children = (
				A266BAE11B7A0C8C00345A72 /* Info.plist */,
			);
			name = "Supporting Files";
			sourceTree = "<group>";
		};
		A266BAFB1B7A0DA100345A72 /* Cell */ = {
			isa = PBXGroup;
			children = (
				A266BAF11B7A0D2800345A72 /* CellFoldCell.h */,
				A266BAF21B7A0D2800345A72 /* CellFoldCell.m */,
				A266BAF31B7A0D2800345A72 /* CellFoldCell.xib */,
				A266BAF61B7A0D9200345A72 /* CellDownFoldCell.h */,
				A266BAF71B7A0D9200345A72 /* CellDownFoldCell.m */,
				A266BAF81B7A0D9200345A72 /* CellDownFoldCell.xib */,
			);
			name = Cell;
			sourceTree = "<group>";
		};
		A266BAFC1B7A0DAC00345A72 /* Src */ = {
			isa = PBXGroup;
			children = (
				A266BB001B7A130F00345A72 /* PlistUtil.h */,
				A266BB011B7A130F00345A72 /* PlistUtil.m */,
				A266BACA1B7A0C8C00345A72 /* AppDelegate.h */,
				A266BACB1B7A0C8C00345A72 /* AppDelegate.m */,
				A266BAFD1B7A0DBC00345A72 /* Controller */,
				A266BAFB1B7A0DA100345A72 /* Cell */,
			);
			name = Src;
			sourceTree = "<group>";
		};
		A266BAFD1B7A0DBC00345A72 /* Controller */ = {
			isa = PBXGroup;
			children = (
				A266BAEC1B7A0CD900345A72 /* CellFoldViewController.h */,
				A266BAED1B7A0CD900345A72 /* CellFoldViewController.m */,
				A266BAEE1B7A0CD900345A72 /* CellFoldViewController.xib */,
			);
			name = Controller;
			sourceTree = "<group>";
		};
		A2DACE151B8B2F8C001381CC /* ScreenShot */ = {
			isa = PBXGroup;
			children = (
				A2DACE161B8B2F8C001381CC /* Untitled.gif */,
			);
			path = ScreenShot;
			sourceTree = "<group>";
		};
/* End PBXGroup section */

/* Begin PBXNativeTarget section */
		A266BAC21B7A0C8C00345A72 /* CellFoldDemo */ = {
			isa = PBXNativeTarget;
			buildConfigurationList = A266BAE61B7A0C8C00345A72 /* Build configuration list for PBXNativeTarget "CellFoldDemo" */;
			buildPhases = (
				A266BABF1B7A0C8C00345A72 /* Sources */,
				A266BAC01B7A0C8C00345A72 /* Frameworks */,
				A266BAC11B7A0C8C00345A72 /* Resources */,
			);
			buildRules = (
			);
			dependencies = (
			);
			name = CellFoldDemo;
			productName = CellFoldDemo;
			productReference = A266BAC31B7A0C8C00345A72 /* CellFoldDemo.app */;
			productType = "com.apple.product-type.application";
		};
		A266BADB1B7A0C8C00345A72 /* CellFoldDemoTests */ = {
			isa = PBXNativeTarget;
			buildConfigurationList = A266BAE91B7A0C8C00345A72 /* Build configuration list for PBXNativeTarget "CellFoldDemoTests" */;
			buildPhases = (
				A266BAD81B7A0C8C00345A72 /* Sources */,
				A266BAD91B7A0C8C00345A72 /* Frameworks */,
				A266BADA1B7A0C8C00345A72 /* Resources */,
			);
			buildRules = (
			);
			dependencies = (
				A266BADE1B7A0C8C00345A72 /* PBXTargetDependency */,
			);
			name = CellFoldDemoTests;
			productName = CellFoldDemoTests;
			productReference = A266BADC1B7A0C8C00345A72 /* CellFoldDemoTests.xctest */;
			productType = "com.apple.product-type.bundle.unit-test";
		};
/* End PBXNativeTarget section */

/* Begin PBXProject section */
		A266BABB1B7A0C8C00345A72 /* Project object */ = {
			isa = PBXProject;
			attributes = {
				LastUpgradeCheck = 0640;
				ORGANIZATIONNAME = likai;
				TargetAttributes = {
					A266BAC21B7A0C8C00345A72 = {
						CreatedOnToolsVersion = 6.4;
					};
					A266BADB1B7A0C8C00345A72 = {
						CreatedOnToolsVersion = 6.4;
						TestTargetID = A266BAC21B7A0C8C00345A72;
					};
				};
			};
			buildConfigurationList = A266BABE1B7A0C8C00345A72 /* Build configuration list for PBXProject "CellFoldDemo" */;
			compatibilityVersion = "Xcode 3.2";
			developmentRegion = English;
			hasScannedForEncodings = 0;
			knownRegions = (
				en,
				Base,
			);
			mainGroup = A266BABA1B7A0C8C00345A72;
			productRefGroup = A266BAC41B7A0C8C00345A72 /* Products */;
			projectDirPath = "";
			projectRoot = "";
			targets = (
				A266BAC21B7A0C8C00345A72 /* CellFoldDemo */,
				A266BADB1B7A0C8C00345A72 /* CellFoldDemoTests */,
			);
		};
/* End PBXProject section */

/* Begin PBXResourcesBuildPhase section */
		A266BAC11B7A0C8C00345A72 /* Resources */ = {
			isa = PBXResourcesBuildPhase;
			buildActionMask = 2147483647;
			files = (
				A266BAD71B7A0C8C00345A72 /* LaunchScreen.xib in Resources */,
				A266BB061B7A163000345A72 /* ic_home_dropDown_down@3x.png in Resources */,
				A266BAF01B7A0CD900345A72 /* CellFoldViewController.xib in Resources */,
				A266BB091B7A1C4000345A72 /* ic_home_dropDown_up@2x.png in Resources */,
				A2DACE171B8B2F8C001381CC /* Untitled.gif in Resources */,
				A266BB0F1B7A202700345A72 /* ic_file_type_apk_big@2x.png in Resources */,
				A266BAFF1B7A116C00345A72 /* QuickLinks.plist in Resources */,
				A266BAF51B7A0D2800345A72 /* CellFoldCell.xib in Resources */,
				A266BB121B7A202700345A72 /* ic_file_type_unknown_big@3x.png in Resources */,
				A266BAFA1B7A0D9200345A72 /* CellDownFoldCell.xib in Resources */,
				A266BB111B7A202700345A72 /* ic_file_type_unknown_big@2x.png in Resources */,
				A266BB051B7A163000345A72 /* ic_home_dropDown_down@2x.png in Resources */,
				A266BB101B7A202700345A72 /* ic_file_type_apk_big@3x.png in Resources */,
				A266BB0A1B7A1C4000345A72 /* ic_home_dropDown_up@3x.png in Resources */,
				A266BAD41B7A0C8C00345A72 /* Images.xcassets in Resources */,
			);
			runOnlyForDeploymentPostprocessing = 0;
		};
		A266BADA1B7A0C8C00345A72 /* Resources */ = {
			isa = PBXResourcesBuildPhase;
			buildActionMask = 2147483647;
			files = (
			);
			runOnlyForDeploymentPostprocessing = 0;
		};
/* End PBXResourcesBuildPhase section */

/* Begin PBXSourcesBuildPhase section */
		A266BABF1B7A0C8C00345A72 /* Sources */ = {
			isa = PBXSourcesBuildPhase;
			buildActionMask = 2147483647;
			files = (
				A266BAF91B7A0D9200345A72 /* CellDownFoldCell.m in Sources */,
				A266BAEF1B7A0CD900345A72 /* CellFoldViewController.m in Sources */,
				A266BACC1B7A0C8C00345A72 /* AppDelegate.m in Sources */,
				A266BAF41B7A0D2800345A72 /* CellFoldCell.m in Sources */,
				A266BB021B7A130F00345A72 /* PlistUtil.m in Sources */,
				A266BAC91B7A0C8C00345A72 /* main.m in Sources */,
			);
			runOnlyForDeploymentPostprocessing = 0;
		};
		A266BAD81B7A0C8C00345A72 /* Sources */ = {
			isa = PBXSourcesBuildPhase;
			buildActionMask = 2147483647;
			files = (
				A266BAE31B7A0C8C00345A72 /* CellFoldDemoTests.m in Sources */,
			);
			runOnlyForDeploymentPostprocessing = 0;
		};
/* End PBXSourcesBuildPhase section */

/* Begin PBXTargetDependency section */
		A266BADE1B7A0C8C00345A72 /* PBXTargetDependency */ = {
			isa = PBXTargetDependency;
			target = A266BAC21B7A0C8C00345A72 /* CellFoldDemo */;
			targetProxy = A266BADD1B7A0C8C00345A72 /* PBXContainerItemProxy */;
		};
/* End PBXTargetDependency section */

/* Begin PBXVariantGroup section */
		A266BAD51B7A0C8C00345A72 /* LaunchScreen.xib */ = {
			isa = PBXVariantGroup;
			children = (
				A266BAD61B7A0C8C00345A72 /* Base */,
			);
			name = LaunchScreen.xib;
			sourceTree = "<group>";
		};
/* End PBXVariantGroup section */

/* Begin XCBuildConfiguration section */
		A266BAE41B7A0C8C00345A72 /* Debug */ = {
			isa = XCBuildConfiguration;
			buildSettings = {
				ALWAYS_SEARCH_USER_PATHS = NO;
				CLANG_CXX_LANGUAGE_STANDARD = "gnu++0x";
				CLANG_CXX_LIBRARY = "libc++";
				CLANG_ENABLE_MODULES = YES;
				CLANG_ENABLE_OBJC_ARC = YES;
				CLANG_WARN_BOOL_CONVERSION = YES;
				CLANG_WARN_CONSTANT_CONVERSION = YES;
				CLANG_WARN_DIRECT_OBJC_ISA_USAGE = YES_ERROR;
				CLANG_WARN_EMPTY_BODY = YES;
				CLANG_WARN_ENUM_CONVERSION = YES;
				CLANG_WARN_INT_CONVERSION = YES;
				CLANG_WARN_OBJC_ROOT_CLASS = YES_ERROR;
				CLANG_WARN_UNREACHABLE_CODE = YES;
				CLANG_WARN__DUPLICATE_METHOD_MATCH = YES;
				"CODE_SIGN_IDENTITY[sdk=iphoneos*]" = "iPhone Developer";
				COPY_PHASE_STRIP = NO;
				DEBUG_INFORMATION_FORMAT = "dwarf-with-dsym";
				ENABLE_STRICT_OBJC_MSGSEND = YES;
				GCC_C_LANGUAGE_STANDARD = gnu99;
				GCC_DYNAMIC_NO_PIC = NO;
				GCC_NO_COMMON_BLOCKS = YES;
				GCC_OPTIMIZATION_LEVEL = 0;
				GCC_PREPROCESSOR_DEFINITIONS = (
					"DEBUG=1",
					"$(inherited)",
				);
				GCC_SYMBOLS_PRIVATE_EXTERN = NO;
				GCC_WARN_64_TO_32_BIT_CONVERSION = YES;
				GCC_WARN_ABOUT_RETURN_TYPE = YES_ERROR;
				GCC_WARN_UNDECLARED_SELECTOR = YES;
				GCC_WARN_UNINITIALIZED_AUTOS = YES_AGGRESSIVE;
				GCC_WARN_UNUSED_FUNCTION = YES;
				GCC_WARN_UNUSED_VARIABLE = YES;
				IPHONEOS_DEPLOYMENT_TARGET = 8.4;
				MTL_ENABLE_DEBUG_INFO = YES;
				ONLY_ACTIVE_ARCH = YES;
				SDKROOT = iphoneos;
			};
			name = Debug;
		};
		A266BAE51B7A0C8C00345A72 /* Release */ = {
			isa = XCBuildConfiguration;
			buildSettings = {
				ALWAYS_SEARCH_USER_PATHS = NO;
				CLANG_CXX_LANGUAGE_STANDARD = "gnu++0x";
				CLANG_CXX_LIBRARY = "libc++";
				CLANG_ENABLE_MODULES = YES;
				CLANG_ENABLE_OBJC_ARC = YES;
				CLANG_WARN_BOOL_CONVERSION = YES;
				CLANG_WARN_CONSTANT_CONVERSION = YES;
				CLANG_WARN_DIRECT_OBJC_ISA_USAGE = YES_ERROR;
				CLANG_WARN_EMPTY_BODY = YES;
				CLANG_WARN_ENUM_CONVERSION = YES;
				CLANG_WARN_INT_CONVERSION = YES;
				CLANG_WARN_OBJC_ROOT_CLASS = YES_ERROR;
				CLANG_WARN_UNREACHABLE_CODE = YES;
				CLANG_WARN__DUPLICATE_METHOD_MATCH = YES;
				"CODE_SIGN_IDENTITY[sdk=iphoneos*]" = "iPhone Developer";
				COPY_PHASE_STRIP = NO;
				DEBUG_INFORMATION_FORMAT = "dwarf-with-dsym";
				ENABLE_NS_ASSERTIONS = NO;
				ENABLE_STRICT_OBJC_MSGSEND = YES;
				GCC_C_LANGUAGE_STANDARD = gnu99;
				GCC_NO_COMMON_BLOCKS = YES;
				GCC_WARN_64_TO_32_BIT_CONVERSION = YES;
				GCC_WARN_ABOUT_RETURN_TYPE = YES_ERROR;
				GCC_WARN_UNDECLARED_SELECTOR = YES;
				GCC_WARN_UNINITIALIZED_AUTOS = YES_AGGRESSIVE;
				GCC_WARN_UNUSED_FUNCTION = YES;
				GCC_WARN_UNUSED_VARIABLE = YES;
				IPHONEOS_DEPLOYMENT_TARGET = 8.4;
				MTL_ENABLE_DEBUG_INFO = NO;
				SDKROOT = iphoneos;
				VALIDATE_PRODUCT = YES;
			};
			name = Release;
		};
		A266BAE71B7A0C8C00345A72 /* Debug */ = {
			isa = XCBuildConfiguration;
			buildSettings = {
				ASSETCATALOG_COMPILER_APPICON_NAME = AppIcon;
				INFOPLIST_FILE = CellFoldDemo/Info.plist;
				IPHONEOS_DEPLOYMENT_TARGET = 7.0;
				LD_RUNPATH_SEARCH_PATHS = "$(inherited) @executable_path/Frameworks";
				PRODUCT_NAME = "$(TARGET_NAME)";
			};
			name = Debug;
		};
		A266BAE81B7A0C8C00345A72 /* Release */ = {
			isa = XCBuildConfiguration;
			buildSettings = {
				ASSETCATALOG_COMPILER_APPICON_NAME = AppIcon;
				INFOPLIST_FILE = CellFoldDemo/Info.plist;
				IPHONEOS_DEPLOYMENT_TARGET = 7.0;
				LD_RUNPATH_SEARCH_PATHS = "$(inherited) @executable_path/Frameworks";
				PRODUCT_NAME = "$(TARGET_NAME)";
			};
			name = Release;
		};
		A266BAEA1B7A0C8C00345A72 /* Debug */ = {
			isa = XCBuildConfiguration;
			buildSettings = {
				BUNDLE_LOADER = "$(TEST_HOST)";
				FRAMEWORK_SEARCH_PATHS = (
					"$(SDKROOT)/Developer/Library/Frameworks",
					"$(inherited)",
				);
				GCC_PREPROCESSOR_DEFINITIONS = (
					"DEBUG=1",
					"$(inherited)",
				);
				INFOPLIST_FILE = CellFoldDemoTests/Info.plist;
				LD_RUNPATH_SEARCH_PATHS = "$(inherited) @executable_path/Frameworks @loader_path/Frameworks";
				PRODUCT_NAME = "$(TARGET_NAME)";
				TEST_HOST = "$(BUILT_PRODUCTS_DIR)/CellFoldDemo.app/CellFoldDemo";
			};
			name = Debug;
		};
		A266BAEB1B7A0C8C00345A72 /* Release */ = {
			isa = XCBuildConfiguration;
			buildSettings = {
				BUNDLE_LOADER = "$(TEST_HOST)";
				FRAMEWORK_SEARCH_PATHS = (
					"$(SDKROOT)/Developer/Library/Frameworks",
					"$(inherited)",
				);
				INFOPLIST_FILE = CellFoldDemoTests/Info.plist;
				LD_RUNPATH_SEARCH_PATHS = "$(inherited) @executable_path/Frameworks @loader_path/Frameworks";
				PRODUCT_NAME = "$(TARGET_NAME)";
				TEST_HOST = "$(BUILT_PRODUCTS_DIR)/CellFoldDemo.app/CellFoldDemo";
			};
			name = Release;
		};
/* End XCBuildConfiguration section */

/* Begin XCConfigurationList section */
		A266BABE1B7A0C8C00345A72 /* Build configuration list for PBXProject "CellFoldDemo" */ = {
			isa = XCConfigurationList;
			buildConfigurations = (
				A266BAE41B7A0C8C00345A72 /* Debug */,
				A266BAE51B7A0C8C00345A72 /* Release */,
			);
			defaultConfigurationIsVisible = 0;
			defaultConfigurationName = Release;
		};
		A266BAE61B7A0C8C00345A72 /* Build configuration list for PBXNativeTarget "CellFoldDemo" */ = {
			isa = XCConfigurationList;
			buildConfigurations = (
				A266BAE71B7A0C8C00345A72 /* Debug */,
				A266BAE81B7A0C8C00345A72 /* Release */,
			);
			defaultConfigurationIsVisible = 0;
			defaultConfigurationName = Release;
		};
		A266BAE91B7A0C8C00345A72 /* Build configuration list for PBXNativeTarget "CellFoldDemoTests" */ = {
			isa = XCConfigurationList;
			buildConfigurations = (
				A266BAEA1B7A0C8C00345A72 /* Debug */,
				A266BAEB1B7A0C8C00345A72 /* Release */,
			);
			defaultConfigurationIsVisible = 0;
			defaultConfigurationName = Release;
		};
/* End XCConfigurationList section */
	};
	rootObject = A266BABB1B7A0C8C00345A72 /* Project object */;
}
